
Microsoft Visual Studio Solution File, Format Version 11.00
# Visual Studio 2010
Project("{8BC9CEB8-8B4A-11D0-8D11-00A0C91BC942}") = "ctf", "ctf\ctf.vcxproj", "{2E3CA16A-C7FD-ECAC-307A-9AB60565EB65}"
EndProject
Project("{8BC9CEB8-8B4A-11D0-8D11-00A0C91BC942}") = "game", "game\game.vcxproj", "{B180FC2A-2B92-2F90-25AC-422CCAA5AB22}"
EndProject
Project("{8BC9CEB8-8B4A-11D0-8D11-00A0C91BC942}") = "quake2", "quake2.vcxproj", "{66A8C9AE-8C07-A0DF-3130-DC770246FC56}"
EndProject
Global
	GlobalSection(SolutionConfigurationPlatforms) = preSolution
		Debug Alpha|Win32 = Debug Alpha|Win32
		Debug|Win32 = Debug|Win32
		Release Alpha|Win32 = Release Alpha|Win32
		Release|Win32 = Release|Win32
		Template|Win32 = Template|Win32
	EndGlobalSection
	GlobalSection(ProjectConfigurationPlatforms) = postSolution
		{2E3CA16A-C7FD-ECAC-307A-9AB60565EB65}.Debug Alpha|Win32.ActiveCfg = Debug Alpha|Win32
		{2E3CA16A-C7FD-ECAC-307A-9AB60565EB65}.Debug Alpha|Win32.Build.0 = Debug Alpha|Win32
		{2E3CA16A-C7FD-ECAC-307A-9AB60565EB65}.Debug|Win32.ActiveCfg = Debug|Win32
		{2E3CA16A-C7FD-ECAC-307A-9AB60565EB65}.Debug|Win32.Build.0 = Debug|Win32
		{2E3CA16A-C7FD-ECAC-307A-9AB60565EB65}.Release Alpha|Win32.ActiveCfg = Release Alpha|Win32
		{2E3CA16A-C7FD-ECAC-307A-9AB60565EB65}.Release Alpha|Win32.Build.0 = Release Alpha|Win32
		{2E3CA16A-C7FD-ECAC-307A-9AB60565EB65}.Release|Win32.ActiveCfg = Release|Win32
		{2E3CA16A-C7FD-ECAC-307A-9AB60565EB65}.Release|Win32.Build.0 = Release|Win32
		{2E3CA16A-C7FD-ECAC-307A-9AB60565EB65}.Template|Win32.ActiveCfg = Release|Win32
		{2E3CA16A-C7FD-ECAC-307A-9AB60565EB65}.Template|Win32.Build.0 = Release|Win32
		{B180FC2A-2B92-2F90-25AC-422CCAA5AB22}.Debug Alpha|Win32.ActiveCfg = Debug Alpha|Win32
		{B180FC2A-2B92-2F90-25AC-422CCAA5AB22}.Debug Alpha|Win32.Build.0 = Debug Alpha|Win32
		{B180FC2A-2B92-2F90-25AC-422CCAA5AB22}.Debug|Win32.ActiveCfg = Debug|Win32
		{B180FC2A-2B92-2F90-25AC-422CCAA5AB22}.Debug|Win32.Build.0 = Debug|Win32
		{B180FC2A-2B92-2F90-25AC-422CCAA5AB22}.Release Alpha|Win32.ActiveCfg = Release Alpha|Win32
		{B180FC2A-2B92-2F90-25AC-422CCAA5AB22}.Release Alpha|Win32.Build.0 = Release Alpha|Win32
		{B180FC2A-2B92-2F90-25AC-422CCAA5AB22}.Release|Win32.ActiveCfg = Release|Win32
		{B180FC2A-2B92-2F90-25AC-422CCAA5AB22}.Release|Win32.Build.0 = Release|Win32
		{B180FC2A-2B92-2F90-25AC-422CCAA5AB22}.Template|Win32.ActiveCfg = Template|Win32
		{B180FC2A-2B92-2F90-25AC-422CCAA5AB22}.Template|Win32.Build.0 = Template|Win32
		{66A8C9AE-8C07-A0DF-3130-DC770246FC56}.Debug Alpha|Win32.ActiveCfg = Debug Alpha|Win32
		{66A8C9AE-8C07-A0DF-3130-DC770246FC56}.Debug Alpha|Win32.Build.0 = Debug Alpha|Win32
		{66A8C9AE-8C07-A0DF-3130-DC770246FC56}.Debug|Win32.ActiveCfg = Debug|Win32
		{66A8C9AE-8C07-A0DF-3130-DC770246FC56}.Debug|Win32.Build.0 = Debug|Win32
		{66A8C9AE-8C07-A0DF-3130-DC770246FC56}.Release Alpha|Win32.ActiveCfg = Release Alpha|Win32
		{66A8C9AE-8C07-A0DF-3130-DC770246FC56}.Release Alpha|Win32.Build.0 = Release Alpha|Win32
		{66A8C9AE-8C07-A0DF-3130-DC770246FC56}.Release|Win32.ActiveCfg = Release|Win32
		{66A8C9AE-8C07-A0DF-3130-DC770246FC56}.Release|Win32.Build.0 = Release|Win32
		{66A8C9AE-8C07-A0DF-3130-DC770246FC56}.Template|Win32.ActiveCfg = Template|Win32
		{66A8C9AE-8C07-A0DF-3130-DC770246FC56}.Template|Win32.Build.0 = Template|Win32
	EndGlobalSection
	GlobalSection(SolutionProperties) = preSolution
		HideSolutionNode = FALSE
	EndGlobalSection
EndGlobal
